
Microsoft Visual Studio Solution File, Format Version 12.00
# Visual Studio Version 17
VisualStudioVersion = 17.0.31903.59
MinimumVisualStudioVersion = 10.0.40219.1
Project("{FAE04EC0-301F-11D3-BF4B-00C04F79EFBC}") = "Domain", "Domain\Domain.csproj", "{0572D698-AD45-47F0-8FE5-6EBF695EE220}"
EndProject
Project("{FAE04EC0-301F-11D3-BF4B-00C04F79EFBC}") = "Infrastructure", "Infrastructure\Infrastructure.csproj", "{1C4CB6B7-3A83-43D4-AC09-0947145AB408}"
EndProject
Project("{FAE04EC0-301F-11D3-BF4B-00C04F79EFBC}") = "WebApi", "WebApi\WebApi.csproj", "{D0D5F0F7-C8BE-4D80-BDD0-39636B7B6C88}"
EndProject
Global
	GlobalSection(SolutionConfigurationPlatforms) = preSolution
		Debug|Any CPU = Debug|Any CPU
		Debug|x64 = Debug|x64
		Debug|x86 = Debug|x86
		Release|Any CPU = Release|Any CPU
		Release|x64 = Release|x64
		Release|x86 = Release|x86
	EndGlobalSection
	GlobalSection(ProjectConfigurationPlatforms) = postSolution
		{0572D698-AD45-47F0-8FE5-6EBF695EE220}.Debug|Any CPU.ActiveCfg = Debug|Any CPU
		{0572D698-AD45-47F0-8FE5-6EBF695EE220}.Debug|Any CPU.Build.0 = Debug|Any CPU
		{0572D698-AD45-47F0-8FE5-6EBF695EE220}.Debug|x64.ActiveCfg = Debug|Any CPU
		{0572D698-AD45-47F0-8FE5-6EBF695EE220}.Debug|x64.Build.0 = Debug|Any CPU
		{0572D698-AD45-47F0-8FE5-6EBF695EE220}.Debug|x86.ActiveCfg = Debug|Any CPU
		{0572D698-AD45-47F0-8FE5-6EBF695EE220}.Debug|x86.Build.0 = Debug|Any CPU
		{0572D698-AD45-47F0-8FE5-6EBF695EE220}.Release|Any CPU.ActiveCfg = Release|Any CPU
		{0572D698-AD45-47F0-8FE5-6EBF695EE220}.Release|Any CPU.Build.0 = Release|Any CPU
		{0572D698-AD45-47F0-8FE5-6EBF695EE220}.Release|x64.ActiveCfg = Release|Any CPU
		{0572D698-AD45-47F0-8FE5-6EBF695EE220}.Release|x64.Build.0 = Release|Any CPU
		{0572D698-AD45-47F0-8FE5-6EBF695EE220}.Release|x86.ActiveCfg = Release|Any CPU
		{0572D698-AD45-47F0-8FE5-6EBF695EE220}.Release|x86.Build.0 = Release|Any CPU
		{1C4CB6B7-3A83-43D4-AC09-0947145AB408}.Debug|Any CPU.ActiveCfg = Debug|Any CPU
		{1C4CB6B7-3A83-43D4-AC09-0947145AB408}.Debug|Any CPU.Build.0 = Debug|Any CPU
		{1C4CB6B7-3A83-43D4-AC09-0947145AB408}.Debug|x64.ActiveCfg = Debug|Any CPU
		{1C4CB6B7-3A83-43D4-AC09-0947145AB408}.Debug|x64.Build.0 = Debug|Any CPU
		{1C4CB6B7-3A83-43D4-AC09-0947145AB408}.Debug|x86.ActiveCfg = Debug|Any CPU
		{1C4CB6B7-3A83-43D4-AC09-0947145AB408}.Debug|x86.Build.0 = Debug|Any CPU
		{1C4CB6B7-3A83-43D4-AC09-0947145AB408}.Release|Any CPU.ActiveCfg = Release|Any CPU
		{1C4CB6B7-3A83-43D4-AC09-0947145AB408}.Release|Any CPU.Build.0 = Release|Any CPU
		{1C4CB6B7-3A83-43D4-AC09-0947145AB408}.Release|x64.ActiveCfg = Release|Any CPU
		{1C4CB6B7-3A83-43D4-AC09-0947145AB408}.Release|x64.Build.0 = Release|Any CPU
		{1C4CB6B7-3A83-43D4-AC09-0947145AB408}.Release|x86.ActiveCfg = Release|Any CPU
		{1C4CB6B7-3A83-43D4-AC09-0947145AB408}.Release|x86.Build.0 = Release|Any CPU
		{D0D5F0F7-C8BE-4D80-BDD0-39636B7B6C88}.Debug|Any CPU.ActiveCfg = Debug|Any CPU
		{D0D5F0F7-C8BE-4D80-BDD0-39636B7B6C88}.Debug|Any CPU.Build.0 = Debug|Any CPU
		{D0D5F0F7-C8BE-4D80-BDD0-39636B7B6C88}.Debug|x64.ActiveCfg = Debug|Any CPU
		{D0D5F0F7-C8BE-4D80-BDD0-39636B7B6C88}.Debug|x64.Build.0 = Debug|Any CPU
		{D0D5F0F7-C8BE-4D80-BDD0-39636B7B6C88}.Debug|x86.ActiveCfg = Debug|Any CPU
		{D0D5F0F7-C8BE-4D80-BDD0-39636B7B6C88}.Debug|x86.Build.0 = Debug|Any CPU
		{D0D5F0F7-C8BE-4D80-BDD0-39636B7B6C88}.Release|Any CPU.ActiveCfg = Release|Any CPU
		{D0D5F0F7-C8BE-4D80-BDD0-39636B7B6C88}.Release|Any CPU.Build.0 = Release|Any CPU
		{D0D5F0F7-C8BE-4D80-BDD0-39636B7B6C88}.Release|x64.ActiveCfg = Release|Any CPU
		{D0D5F0F7-C8BE-4D80-BDD0-39636B7B6C88}.Release|x64.Build.0 = Release|Any CPU
		{D0D5F0F7-C8BE-4D80-BDD0-39636B7B6C88}.Release|x86.ActiveCfg = Release|Any CPU
		{D0D5F0F7-C8BE-4D80-BDD0-39636B7B6C88}.Release|x86.Build.0 = Release|Any CPU
	EndGlobalSection
	GlobalSection(SolutionProperties) = preSolution
		HideSolutionNode = FALSE
	EndGlobalSection
EndGlobal
